
Microsoft Visual Studio Solution File, Format Version 12.00
# Visual Studio 15
VisualStudioVersion = 15.0.27428.2011
MinimumVisualStudioVersion = 10.0.40219.1
Project("{FAE04EC0-301F-11D3-BF4B-00C04F79EFBC}") = "gm_JohnsonProfilePhotoHopper", "gm_JohnsonProfilePhotoHopper.csproj", "{3D177CAE-946B-4208-BADF-F7AF4BEE06AE}"
EndProject
Global
	GlobalSection(SolutionConfigurationPlatforms) = preSolution
		Release|Any CPU = Release|Any CPU
		Training|Any CPU = Training|Any CPU
	EndGlobalSection
	GlobalSection(ProjectConfigurationPlatforms) = postSolution
		{3D177CAE-946B-4208-BADF-F7AF4BEE06AE}.Release|Any CPU.ActiveCfg = Release|Any CPU
		{3D177CAE-946B-4208-BADF-F7AF4BEE06AE}.Release|Any CPU.Build.0 = Release|Any CPU
		{3D177CAE-946B-4208-BADF-F7AF4BEE06AE}.Training|Any CPU.ActiveCfg = Training|Any CPU
		{3D177CAE-946B-4208-BADF-F7AF4BEE06AE}.Training|Any CPU.Build.0 = Training|Any CPU
	EndGlobalSection
	GlobalSection(SolutionProperties) = preSolution
		HideSolutionNode = FALSE
	EndGlobalSection
	GlobalSection(ExtensibilityGlobals) = postSolution
		SolutionGuid = {449EE72A-DC76-4126-BA90-4D9A9B4CF6C3}
	EndGlobalSection
EndGlobal
