
Microsoft Visual Studio Solution File, Format Version 12.00
# Visual Studio 15
VisualStudioVersion = 15.0.27428.2011
MinimumVisualStudioVersion = 10.0.40219.1
Project("{FAE04EC0-301F-11D3-BF4B-00C04F79EFBC}") = "gm_JohnsonProfilePhotoHopper", "gm_JohnsonProfilePhotoHopper.csproj", "{3D177CAE-946B-4208-BADF-F7AF4BEE06AE}"
EndProject
Project("{FAE04EC0-301F-11D3-BF4B-00C04F79EFBC}") = "gm_JohnsonProfilePhotoRecognizer", "..\gm_JohnsonProfilePhotoRecognizer\gm_JohnsonProfilePhotoRecognizer.csproj", "{144DEECC-FA48-4F1D-9ECD-5A485E95E5A5}"
EndProject
Global
	GlobalSection(SolutionConfigurationPlatforms) = preSolution
		Debug|Any CPU = Debug|Any CPU
		Release|Any CPU = Release|Any CPU
		Training|Any CPU = Training|Any CPU
	EndGlobalSection
	GlobalSection(ProjectConfigurationPlatforms) = postSolution
		{3D177CAE-946B-4208-BADF-F7AF4BEE06AE}.Debug|Any CPU.ActiveCfg = Training|Any CPU
		{3D177CAE-946B-4208-BADF-F7AF4BEE06AE}.Debug|Any CPU.Build.0 = Training|Any CPU
		{3D177CAE-946B-4208-BADF-F7AF4BEE06AE}.Release|Any CPU.ActiveCfg = Release|Any CPU
		{3D177CAE-946B-4208-BADF-F7AF4BEE06AE}.Release|Any CPU.Build.0 = Release|Any CPU
		{3D177CAE-946B-4208-BADF-F7AF4BEE06AE}.Training|Any CPU.ActiveCfg = Training|Any CPU
		{3D177CAE-946B-4208-BADF-F7AF4BEE06AE}.Training|Any CPU.Build.0 = Training|Any CPU
		{144DEECC-FA48-4F1D-9ECD-5A485E95E5A5}.Debug|Any CPU.ActiveCfg = Debug|Any CPU
		{144DEECC-FA48-4F1D-9ECD-5A485E95E5A5}.Debug|Any CPU.Build.0 = Debug|Any CPU
		{144DEECC-FA48-4F1D-9ECD-5A485E95E5A5}.Release|Any CPU.ActiveCfg = Release|Any CPU
		{144DEECC-FA48-4F1D-9ECD-5A485E95E5A5}.Release|Any CPU.Build.0 = Release|Any CPU
		{144DEECC-FA48-4F1D-9ECD-5A485E95E5A5}.Training|Any CPU.ActiveCfg = Release|Any CPU
		{144DEECC-FA48-4F1D-9ECD-5A485E95E5A5}.Training|Any CPU.Build.0 = Release|Any CPU
	EndGlobalSection
	GlobalSection(SolutionProperties) = preSolution
		HideSolutionNode = FALSE
	EndGlobalSection
	GlobalSection(ExtensibilityGlobals) = postSolution
		SolutionGuid = {449EE72A-DC76-4126-BA90-4D9A9B4CF6C3}
	EndGlobalSection
EndGlobal
